
Microsoft Visual Studio Solution File, Format Version 12.00
# Visual Studio Version 17
VisualStudioVersion = 17.13.35919.96 d17.13
MinimumVisualStudioVersion = 10.0.40219.1
Project("{FAE04EC0-301F-11D3-BF4B-00C04F79EFBC}") = "webApi-ask-tf", "webApi-ask-tf\webApi-ask-tf.csproj", "{1705A4E3-2DAC-4A2A-B611-F9BD0DA7DED3}"
EndProject
Global
	GlobalSection(SolutionConfigurationPlatforms) = preSolution
		Debug|Any CPU = Debug|Any CPU
		Release|Any CPU = Release|Any CPU
	EndGlobalSection
	GlobalSection(ProjectConfigurationPlatforms) = postSolution
		{1705A4E3-2DAC-4A2A-B611-F9BD0DA7DED3}.Debug|Any CPU.ActiveCfg = Debug|Any CPU
		{1705A4E3-2DAC-4A2A-B611-F9BD0DA7DED3}.Debug|Any CPU.Build.0 = Debug|Any CPU
		{1705A4E3-2DAC-4A2A-B611-F9BD0DA7DED3}.Release|Any CPU.ActiveCfg = Release|Any CPU
		{1705A4E3-2DAC-4A2A-B611-F9BD0DA7DED3}.Release|Any CPU.Build.0 = Release|Any CPU
	EndGlobalSection
	GlobalSection(SolutionProperties) = preSolution
		HideSolutionNode = FALSE
	EndGlobalSection
	GlobalSection(ExtensibilityGlobals) = postSolution
		SolutionGuid = {E985D212-046A-4326-888E-B2FEF6341738}
	EndGlobalSection
EndGlobal
